// !$*UTF8*$!
{
	archiveVersion = 1;
	classes = {
	};
	objectVersion = 46;
	objects = {

/* Begin PBXBuildFile section */
		3F231EAA5D924E2F89892DE2 /* libPods.a in Frameworks */ = {isa = PBXBuildFile; fileRef = 14796DFEE57644DC99AA4F47 /* libPods.a */; };
		CB6BCB4C1928B07C00850014 /* Foundation.framework in Frameworks */ = {isa = PBXBuildFile; fileRef = CB6BCB4B1928B07C00850014 /* Foundation.framework */; };
		CB6BCB4E1928B07C00850014 /* CoreGraphics.framework in Frameworks */ = {isa = PBXBuildFile; fileRef = CB6BCB4D1928B07C00850014 /* CoreGraphics.framework */; };
		CB6BCB501928B07C00850014 /* UIKit.framework in Frameworks */ = {isa = PBXBuildFile; fileRef = CB6BCB4F1928B07C00850014 /* UIKit.framework */; };
		CB6BCB561928B07C00850014 /* InfoPlist.strings in Resources */ = {isa = PBXBuildFile; fileRef = CB6BCB541928B07C00850014 /* InfoPlist.strings */; };
		CB6BCB581928B07C00850014 /* main.mm in Sources */ = {isa = PBXBuildFile; fileRef = CB6BCB571928B07C00850014 /* main.mm */; };
		CB6BCB5C1928B07C00850014 /* CKAppDelegate.m in Sources */ = {isa = PBXBuildFile; fileRef = CB6BCB5B1928B07C00850014 /* CKAppDelegate.m */; };
		CB6BCB5F1928B07C00850014 /* Main_iPhone.storyboard in Resources */ = {isa = PBXBuildFile; fileRef = CB6BCB5D1928B07C00850014 /* Main_iPhone.storyboard */; };
		CB6BCB621928B07C00850014 /* Main_iPad.storyboard in Resources */ = {isa = PBXBuildFile; fileRef = CB6BCB601928B07C00850014 /* Main_iPad.storyboard */; };
		CB6BCB651928B07C00850014 /* CKFirstViewController.m in Sources */ = {isa = PBXBuildFile; fileRef = CB6BCB641928B07C00850014 /* CKFirstViewController.m */; };
		CB6BCB681928B07C00850014 /* CKSecondViewController.m in Sources */ = {isa = PBXBuildFile; fileRef = CB6BCB671928B07C00850014 /* CKSecondViewController.m */; };
		CB6BCB6A1928B07C00850014 /* Images.xcassets in Resources */ = {isa = PBXBuildFile; fileRef = CB6BCB691928B07C00850014 /* Images.xcassets */; };
		CB6BCB711928B07C00850014 /* XCTest.framework in Frameworks */ = {isa = PBXBuildFile; fileRef = CB6BCB701928B07C00850014 /* XCTest.framework */; };
		CB6BCB721928B07C00850014 /* Foundation.framework in Frameworks */ = {isa = PBXBuildFile; fileRef = CB6BCB4B1928B07C00850014 /* Foundation.framework */; };
		CB6BCB731928B07C00850014 /* UIKit.framework in Frameworks */ = {isa = PBXBuildFile; fileRef = CB6BCB4F1928B07C00850014 /* UIKit.framework */; };
		CB6BCB7B1928B07C00850014 /* InfoPlist.strings in Resources */ = {isa = PBXBuildFile; fileRef = CB6BCB791928B07C00850014 /* InfoPlist.strings */; };
		CB6BCB7D1928B07C00850014 /* libchromium_demoTests.m in Sources */ = {isa = PBXBuildFile; fileRef = CB6BCB7C1928B07C00850014 /* libchromium_demoTests.m */; };
/* End PBXBuildFile section */

/* Begin PBXContainerItemProxy section */
		CB6BCB741928B07C00850014 /* PBXContainerItemProxy */ = {
			isa = PBXContainerItemProxy;
			containerPortal = CB6BCB401928B07C00850014 /* Project object */;
			proxyType = 1;
			remoteGlobalIDString = CB6BCB471928B07C00850014;
			remoteInfo = "libchromium-demo";
		};
/* End PBXContainerItemProxy section */

/* Begin PBXFileReference section */
		00B8019E2EFD4398ADB10432 /* Pods.xcconfig */ = {isa = PBXFileReference; includeInIndex = 1; lastKnownFileType = text.xcconfig; name = Pods.xcconfig; path = Pods/Pods.xcconfig; sourceTree = "<group>"; };
		14796DFEE57644DC99AA4F47 /* libPods.a */ = {isa = PBXFileReference; explicitFileType = archive.ar; includeInIndex = 0; path = libPods.a; sourceTree = BUILT_PRODUCTS_DIR; };
		CB6BCB481928B07C00850014 /* libchromium-demo.app */ = {isa = PBXFileReference; explicitFileType = wrapper.application; includeInIndex = 0; path = "libchromium-demo.app"; sourceTree = BUILT_PRODUCTS_DIR; };
		CB6BCB4B1928B07C00850014 /* Foundation.framework */ = {isa = PBXFileReference; lastKnownFileType = wrapper.framework; name = Foundation.framework; path = System/Library/Frameworks/Foundation.framework; sourceTree = SDKROOT; };
		CB6BCB4D1928B07C00850014 /* CoreGraphics.framework */ = {isa = PBXFileReference; lastKnownFileType = wrapper.framework; name = CoreGraphics.framework; path = System/Library/Frameworks/CoreGraphics.framework; sourceTree = SDKROOT; };
		CB6BCB4F1928B07C00850014 /* UIKit.framework */ = {isa = PBXFileReference; lastKnownFileType = wrapper.framework; name = UIKit.framework; path = System/Library/Frameworks/UIKit.framework; sourceTree = SDKROOT; };
		CB6BCB531928B07C00850014 /* libchromium-demo-Info.plist */ = {isa = PBXFileReference; lastKnownFileType = text.plist.xml; path = "libchromium-demo-Info.plist"; sourceTree = "<group>"; };
		CB6BCB551928B07C00850014 /* en */ = {isa = PBXFileReference; lastKnownFileType = text.plist.strings; name = en; path = en.lproj/InfoPlist.strings; sourceTree = "<group>"; };
		CB6BCB571928B07C00850014 /* main.mm */ = {isa = PBXFileReference; lastKnownFileType = sourcecode.cpp.objcpp; path = main.mm; sourceTree = "<group>"; };
		CB6BCB591928B07C00850014 /* libchromium-demo-Prefix.pch */ = {isa = PBXFileReference; lastKnownFileType = sourcecode.c.h; path = "libchromium-demo-Prefix.pch"; sourceTree = "<group>"; };
		CB6BCB5A1928B07C00850014 /* CKAppDelegate.h */ = {isa = PBXFileReference; lastKnownFileType = sourcecode.c.h; path = CKAppDelegate.h; sourceTree = "<group>"; };
		CB6BCB5B1928B07C00850014 /* CKAppDelegate.m */ = {isa = PBXFileReference; lastKnownFileType = sourcecode.c.objc; path = CKAppDelegate.m; sourceTree = "<group>"; };
		CB6BCB5E1928B07C00850014 /* Base */ = {isa = PBXFileReference; lastKnownFileType = file.storyboard; name = Base; path = Base.lproj/Main_iPhone.storyboard; sourceTree = "<group>"; };
		CB6BCB611928B07C00850014 /* Base */ = {isa = PBXFileReference; lastKnownFileType = file.storyboard; name = Base; path = Base.lproj/Main_iPad.storyboard; sourceTree = "<group>"; };
		CB6BCB631928B07C00850014 /* CKFirstViewController.h */ = {isa = PBXFileReference; lastKnownFileType = sourcecode.c.h; path = CKFirstViewController.h; sourceTree = "<group>"; };
		CB6BCB641928B07C00850014 /* CKFirstViewController.m */ = {isa = PBXFileReference; lastKnownFileType = sourcecode.c.objc; path = CKFirstViewController.m; sourceTree = "<group>"; };
		CB6BCB661928B07C00850014 /* CKSecondViewController.h */ = {isa = PBXFileReference; lastKnownFileType = sourcecode.c.h; path = CKSecondViewController.h; sourceTree = "<group>"; };
		CB6BCB671928B07C00850014 /* CKSecondViewController.m */ = {isa = PBXFileReference; lastKnownFileType = sourcecode.c.objc; path = CKSecondViewController.m; sourceTree = "<group>"; };
		CB6BCB691928B07C00850014 /* Images.xcassets */ = {isa = PBXFileReference; lastKnownFileType = folder.assetcatalog; path = Images.xcassets; sourceTree = "<group>"; };
		CB6BCB6F1928B07C00850014 /* libchromium-demoTests.xctest */ = {isa = PBXFileReference; explicitFileType = wrapper.cfbundle; includeInIndex = 0; path = "libchromium-demoTests.xctest"; sourceTree = BUILT_PRODUCTS_DIR; };
		CB6BCB701928B07C00850014 /* XCTest.framework */ = {isa = PBXFileReference; lastKnownFileType = wrapper.framework; name = XCTest.framework; path = Library/Frameworks/XCTest.framework; sourceTree = DEVELOPER_DIR; };
		CB6BCB781928B07C00850014 /* libchromium-demoTests-Info.plist */ = {isa = PBXFileReference; lastKnownFileType = text.plist.xml; path = "libchromium-demoTests-Info.plist"; sourceTree = "<group>"; };
		CB6BCB7A1928B07C00850014 /* en */ = {isa = PBXFileReference; lastKnownFileType = text.plist.strings; name = en; path = en.lproj/InfoPlist.strings; sourceTree = "<group>"; };
		CB6BCB7C1928B07C00850014 /* libchromium_demoTests.m */ = {isa = PBXFileReference; lastKnownFileType = sourcecode.c.objc; path = libchromium_demoTests.m; sourceTree = "<group>"; };
/* End PBXFileReference section */

/* Begin PBXFrameworksBuildPhase section */
		CB6BCB451928B07C00850014 /* Frameworks */ = {
			isa = PBXFrameworksBuildPhase;
			buildActionMask = 2147483647;
			files = (
				CB6BCB4E1928B07C00850014 /* CoreGraphics.framework in Frameworks */,
				CB6BCB501928B07C00850014 /* UIKit.framework in Frameworks */,
				CB6BCB4C1928B07C00850014 /* Foundation.framework in Frameworks */,
				3F231EAA5D924E2F89892DE2 /* libPods.a in Frameworks */,
			);
			runOnlyForDeploymentPostprocessing = 0;
		};
		CB6BCB6C1928B07C00850014 /* Frameworks */ = {
			isa = PBXFrameworksBuildPhase;
			buildActionMask = 2147483647;
			files = (
				CB6BCB711928B07C00850014 /* XCTest.framework in Frameworks */,
				CB6BCB731928B07C00850014 /* UIKit.framework in Frameworks */,
				CB6BCB721928B07C00850014 /* Foundation.framework in Frameworks */,
			);
			runOnlyForDeploymentPostprocessing = 0;
		};
/* End PBXFrameworksBuildPhase section */

/* Begin PBXGroup section */
		CB6BCB3F1928B07C00850014 = {
			isa = PBXGroup;
			children = (
				CB6BCB511928B07C00850014 /* libchromium-demo */,
				CB6BCB761928B07C00850014 /* libchromium-demoTests */,
				CB6BCB4A1928B07C00850014 /* Frameworks */,
				CB6BCB491928B07C00850014 /* Products */,
				00B8019E2EFD4398ADB10432 /* Pods.xcconfig */,
			);
			sourceTree = "<group>";
		};
		CB6BCB491928B07C00850014 /* Products */ = {
			isa = PBXGroup;
			children = (
				CB6BCB481928B07C00850014 /* libchromium-demo.app */,
				CB6BCB6F1928B07C00850014 /* libchromium-demoTests.xctest */,
			);
			name = Products;
			sourceTree = "<group>";
		};
		CB6BCB4A1928B07C00850014 /* Frameworks */ = {
			isa = PBXGroup;
			children = (
				CB6BCB4B1928B07C00850014 /* Foundation.framework */,
				CB6BCB4D1928B07C00850014 /* CoreGraphics.framework */,
				CB6BCB4F1928B07C00850014 /* UIKit.framework */,
				CB6BCB701928B07C00850014 /* XCTest.framework */,
				14796DFEE57644DC99AA4F47 /* libPods.a */,
			);
			name = Frameworks;
			sourceTree = "<group>";
		};
		CB6BCB511928B07C00850014 /* libchromium-demo */ = {
			isa = PBXGroup;
			children = (
				CB6BCB5A1928B07C00850014 /* CKAppDelegate.h */,
				CB6BCB5B1928B07C00850014 /* CKAppDelegate.m */,
				CB6BCB5D1928B07C00850014 /* Main_iPhone.storyboard */,
				CB6BCB601928B07C00850014 /* Main_iPad.storyboard */,
				CB6BCB631928B07C00850014 /* CKFirstViewController.h */,
				CB6BCB641928B07C00850014 /* CKFirstViewController.m */,
				CB6BCB661928B07C00850014 /* CKSecondViewController.h */,
				CB6BCB671928B07C00850014 /* CKSecondViewController.m */,
				CB6BCB691928B07C00850014 /* Images.xcassets */,
				CB6BCB521928B07C00850014 /* Supporting Files */,
			);
			path = "libchromium-demo";
			sourceTree = "<group>";
		};
		CB6BCB521928B07C00850014 /* Supporting Files */ = {
			isa = PBXGroup;
			children = (
				CB6BCB531928B07C00850014 /* libchromium-demo-Info.plist */,
				CB6BCB541928B07C00850014 /* InfoPlist.strings */,
				CB6BCB571928B07C00850014 /* main.mm */,
				CB6BCB591928B07C00850014 /* libchromium-demo-Prefix.pch */,
			);
			name = "Supporting Files";
			sourceTree = "<group>";
		};
		CB6BCB761928B07C00850014 /* libchromium-demoTests */ = {
			isa = PBXGroup;
			children = (
				CB6BCB7C1928B07C00850014 /* libchromium_demoTests.m */,
				CB6BCB771928B07C00850014 /* Supporting Files */,
			);
			path = "libchromium-demoTests";
			sourceTree = "<group>";
		};
		CB6BCB771928B07C00850014 /* Supporting Files */ = {
			isa = PBXGroup;
			children = (
				CB6BCB781928B07C00850014 /* libchromium-demoTests-Info.plist */,
				CB6BCB791928B07C00850014 /* InfoPlist.strings */,
			);
			name = "Supporting Files";
			sourceTree = "<group>";
		};
/* End PBXGroup section */

/* Begin PBXNativeTarget section */
		CB6BCB471928B07C00850014 /* libchromium-demo */ = {
			isa = PBXNativeTarget;
			buildConfigurationList = CB6BCB801928B07C00850014 /* Build configuration list for PBXNativeTarget "libchromium-demo" */;
			buildPhases = (
				A45A4009D0A04114AD09D1F4 /* Check Pods Manifest.lock */,
				CB6BCB441928B07C00850014 /* Sources */,
				CB6BCB451928B07C00850014 /* Frameworks */,
				CB6BCB461928B07C00850014 /* Resources */,
				21D3C6D736084911AED2D194 /* Copy Pods Resources */,
			);
			buildRules = (
			);
			dependencies = (
			);
			name = "libchromium-demo";
			productName = "libchromium-demo";
			productReference = CB6BCB481928B07C00850014 /* libchromium-demo.app */;
			productType = "com.apple.product-type.application";
		};
		CB6BCB6E1928B07C00850014 /* libchromium-demoTests */ = {
			isa = PBXNativeTarget;
			buildConfigurationList = CB6BCB831928B07C00850014 /* Build configuration list for PBXNativeTarget "libchromium-demoTests" */;
			buildPhases = (
				CB6BCB6B1928B07C00850014 /* Sources */,
				CB6BCB6C1928B07C00850014 /* Frameworks */,
				CB6BCB6D1928B07C00850014 /* Resources */,
			);
			buildRules = (
			);
			dependencies = (
				CB6BCB751928B07C00850014 /* PBXTargetDependency */,
			);
			name = "libchromium-demoTests";
			productName = "libchromium-demoTests";
			productReference = CB6BCB6F1928B07C00850014 /* libchromium-demoTests.xctest */;
			productType = "com.apple.product-type.bundle.unit-test";
		};
/* End PBXNativeTarget section */

/* Begin PBXProject section */
		CB6BCB401928B07C00850014 /* Project object */ = {
			isa = PBXProject;
			attributes = {
				CLASSPREFIX = CK;
				LastUpgradeCheck = 0510;
				ORGANIZATIONNAME = "Quanlong He";
				TargetAttributes = {
					CB6BCB471928B07C00850014 = {
						DevelopmentTeam = HWL6CBLW5V;
					};
					CB6BCB6E1928B07C00850014 = {
						TestTargetID = CB6BCB471928B07C00850014;
					};
				};
			};
			buildConfigurationList = CB6BCB431928B07C00850014 /* Build configuration list for PBXProject "libchromium-demo" */;
			compatibilityVersion = "Xcode 3.2";
			developmentRegion = English;
			hasScannedForEncodings = 0;
			knownRegions = (
				en,
				Base,
			);
			mainGroup = CB6BCB3F1928B07C00850014;
			productRefGroup = CB6BCB491928B07C00850014 /* Products */;
			projectDirPath = "";
			projectRoot = "";
			targets = (
				CB6BCB471928B07C00850014 /* libchromium-demo */,
				CB6BCB6E1928B07C00850014 /* libchromium-demoTests */,
			);
		};
/* End PBXProject section */

/* Begin PBXResourcesBuildPhase section */
		CB6BCB461928B07C00850014 /* Resources */ = {
			isa = PBXResourcesBuildPhase;
			buildActionMask = 2147483647;
			files = (
				CB6BCB621928B07C00850014 /* Main_iPad.storyboard in Resources */,
				CB6BCB6A1928B07C00850014 /* Images.xcassets in Resources */,
				CB6BCB5F1928B07C00850014 /* Main_iPhone.storyboard in Resources */,
				CB6BCB561928B07C00850014 /* InfoPlist.strings in Resources */,
			);
			runOnlyForDeploymentPostprocessing = 0;
		};
		CB6BCB6D1928B07C00850014 /* Resources */ = {
			isa = PBXResourcesBuildPhase;
			buildActionMask = 2147483647;
			files = (
				CB6BCB7B1928B07C00850014 /* InfoPlist.strings in Resources */,
			);
			runOnlyForDeploymentPostprocessing = 0;
		};
/* End PBXResourcesBuildPhase section */

/* Begin PBXShellScriptBuildPhase section */
		21D3C6D736084911AED2D194 /* Copy Pods Resources */ = {
			isa = PBXShellScriptBuildPhase;
			buildActionMask = 2147483647;
			files = (
			);
			inputPaths = (
			);
			name = "Copy Pods Resources";
			outputPaths = (
			);
			runOnlyForDeploymentPostprocessing = 0;
			shellPath = /bin/sh;
			shellScript = "\"${SRCROOT}/Pods/Pods-resources.sh\"\n";
			showEnvVarsInLog = 0;
		};
		A45A4009D0A04114AD09D1F4 /* Check Pods Manifest.lock */ = {
			isa = PBXShellScriptBuildPhase;
			buildActionMask = 2147483647;
			files = (
			);
			inputPaths = (
			);
			name = "Check Pods Manifest.lock";
			outputPaths = (
			);
			runOnlyForDeploymentPostprocessing = 0;
			shellPath = /bin/sh;
			shellScript = "diff \"${PODS_ROOT}/../Podfile.lock\" \"${PODS_ROOT}/Manifest.lock\" > /dev/null\nif [[ $? != 0 ]] ; then\n    cat << EOM\nerror: The sandbox is not in sync with the Podfile.lock. Run 'pod install' or update your CocoaPods installation.\nEOM\n    exit 1\nfi\n";
			showEnvVarsInLog = 0;
		};
/* End PBXShellScriptBuildPhase section */

/* Begin PBXSourcesBuildPhase section */
		CB6BCB441928B07C00850014 /* Sources */ = {
			isa = PBXSourcesBuildPhase;
			buildActionMask = 2147483647;
			files = (
				CB6BCB681928B07C00850014 /* CKSecondViewController.m in Sources */,
				CB6BCB5C1928B07C00850014 /* CKAppDelegate.m in Sources */,
				CB6BCB581928B07C00850014 /* main.mm in Sources */,
				CB6BCB651928B07C00850014 /* CKFirstViewController.m in Sources */,
			);
			runOnlyForDeploymentPostprocessing = 0;
		};
		CB6BCB6B1928B07C00850014 /* Sources */ = {
			isa = PBXSourcesBuildPhase;
			buildActionMask = 2147483647;
			files = (
				CB6BCB7D1928B07C00850014 /* libchromium_demoTests.m in Sources */,
			);
			runOnlyForDeploymentPostprocessing = 0;
		};
/* End PBXSourcesBuildPhase section */

/* Begin PBXTargetDependency section */
		CB6BCB751928B07C00850014 /* PBXTargetDependency */ = {
			isa = PBXTargetDependency;
			target = CB6BCB471928B07C00850014 /* libchromium-demo */;
			targetProxy = CB6BCB741928B07C00850014 /* PBXContainerItemProxy */;
		};
/* End PBXTargetDependency section */

/* Begin PBXVariantGroup section */
		CB6BCB541928B07C00850014 /* InfoPlist.strings */ = {
			isa = PBXVariantGroup;
			children = (
				CB6BCB551928B07C00850014 /* en */,
			);
			name = InfoPlist.strings;
			sourceTree = "<group>";
		};
		CB6BCB5D1928B07C00850014 /* Main_iPhone.storyboard */ = {
			isa = PBXVariantGroup;
			children = (
				CB6BCB5E1928B07C00850014 /* Base */,
			);
			name = Main_iPhone.storyboard;
			sourceTree = "<group>";
		};
		CB6BCB601928B07C00850014 /* Main_iPad.storyboard */ = {
			isa = PBXVariantGroup;
			children = (
				CB6BCB611928B07C00850014 /* Base */,
			);
			name = Main_iPad.storyboard;
			sourceTree = "<group>";
		};
		CB6BCB791928B07C00850014 /* InfoPlist.strings */ = {
			isa = PBXVariantGroup;
			children = (
				CB6BCB7A1928B07C00850014 /* en */,
			);
			name = InfoPlist.strings;
			sourceTree = "<group>";
		};
/* End PBXVariantGroup section */

/* Begin XCBuildConfiguration section */
		CB6BCB7E1928B07C00850014 /* Debug */ = {
			isa = XCBuildConfiguration;
			buildSettings = {
				ALWAYS_SEARCH_USER_PATHS = NO;
				CLANG_CXX_LANGUAGE_STANDARD = "compiler-default";
				CLANG_CXX_LIBRARY = "compiler-default";
				CLANG_ENABLE_MODULES = YES;
				CLANG_ENABLE_OBJC_ARC = YES;
				CLANG_WARN_BOOL_CONVERSION = YES;
				CLANG_WARN_CONSTANT_CONVERSION = YES;
				CLANG_WARN_DIRECT_OBJC_ISA_USAGE = YES_ERROR;
				CLANG_WARN_EMPTY_BODY = YES;
				CLANG_WARN_ENUM_CONVERSION = YES;
				CLANG_WARN_INT_CONVERSION = YES;
				CLANG_WARN_OBJC_ROOT_CLASS = YES_ERROR;
				CLANG_WARN__DUPLICATE_METHOD_MATCH = YES;
				"CODE_SIGN_IDENTITY[sdk=iphoneos*]" = "iPhone Developer";
				COPY_PHASE_STRIP = NO;
				GCC_C_LANGUAGE_STANDARD = c99;
				GCC_DYNAMIC_NO_PIC = NO;
				GCC_OPTIMIZATION_LEVEL = 0;
				GCC_PREPROCESSOR_DEFINITIONS = (
					"DEBUG=1",
					"$(inherited)",
				);
				GCC_SYMBOLS_PRIVATE_EXTERN = NO;
				GCC_WARN_64_TO_32_BIT_CONVERSION = YES;
				GCC_WARN_ABOUT_RETURN_TYPE = YES_ERROR;
				GCC_WARN_UNDECLARED_SELECTOR = YES;
				GCC_WARN_UNINITIALIZED_AUTOS = YES_AGGRESSIVE;
				GCC_WARN_UNUSED_FUNCTION = YES;
				GCC_WARN_UNUSED_VARIABLE = YES;
				IPHONEOS_DEPLOYMENT_TARGET = 7.1;
				ONLY_ACTIVE_ARCH = YES;
				SDKROOT = iphoneos;
				TARGETED_DEVICE_FAMILY = "1,2";
				VALID_ARCHS = "armv7 armv7s";
			};
			name = Debug;
		};
		CB6BCB7F1928B07C00850014 /* Release */ = {
			isa = XCBuildConfiguration;
			buildSettings = {
				ALWAYS_SEARCH_USER_PATHS = NO;
				CLANG_CXX_LANGUAGE_STANDARD = "compiler-default";
				CLANG_CXX_LIBRARY = "compiler-default";
				CLANG_ENABLE_MODULES = YES;
				CLANG_ENABLE_OBJC_ARC = YES;
				CLANG_WARN_BOOL_CONVERSION = YES;
				CLANG_WARN_CONSTANT_CONVERSION = YES;
				CLANG_WARN_DIRECT_OBJC_ISA_USAGE = YES_ERROR;
				CLANG_WARN_EMPTY_BODY = YES;
				CLANG_WARN_ENUM_CONVERSION = YES;
				CLANG_WARN_INT_CONVERSION = YES;
				CLANG_WARN_OBJC_ROOT_CLASS = YES_ERROR;
				CLANG_WARN__DUPLICATE_METHOD_MATCH = YES;
				"CODE_SIGN_IDENTITY[sdk=iphoneos*]" = "iPhone Developer";
				COPY_PHASE_STRIP = YES;
				ENABLE_NS_ASSERTIONS = NO;
				GCC_C_LANGUAGE_STANDARD = c99;
				GCC_WARN_64_TO_32_BIT_CONVERSION = YES;
				GCC_WARN_ABOUT_RETURN_TYPE = YES_ERROR;
				GCC_WARN_UNDECLARED_SELECTOR = YES;
				GCC_WARN_UNINITIALIZED_AUTOS = YES_AGGRESSIVE;
				GCC_WARN_UNUSED_FUNCTION = YES;
				GCC_WARN_UNUSED_VARIABLE = YES;
				IPHONEOS_DEPLOYMENT_TARGET = 7.1;
				SDKROOT = iphoneos;
				TARGETED_DEVICE_FAMILY = "1,2";
				VALIDATE_PRODUCT = YES;
				VALID_ARCHS = "armv7 armv7s";
			};
			name = Release;
		};
		CB6BCB811928B07C00850014 /* Debug */ = {
			isa = XCBuildConfiguration;
			baseConfigurationReference = 00B8019E2EFD4398ADB10432 /* Pods.xcconfig */;
			buildSettings = {
				ARCHS = armv7;
				ASSETCATALOG_COMPILER_APPICON_NAME = AppIcon;
				ASSETCATALOG_COMPILER_LAUNCHIMAGE_NAME = LaunchImage;
				CLANG_CXX_LANGUAGE_STANDARD = "gnu++0x";
				CLANG_CXX_LIBRARY = "libstdc++";
				CODE_SIGN_IDENTITY = "iPhone Developer";
				"CODE_SIGN_IDENTITY[sdk=iphoneos*]" = "iPhone Developer";
				GCC_C_LANGUAGE_STANDARD = "compiler-default";
				GCC_PRECOMPILE_PREFIX_HEADER = YES;
				GCC_PREFIX_HEADER = "libchromium-demo/libchromium-demo-Prefix.pch";
				INFOPLIST_FILE = "libchromium-demo/libchromium-demo-Info.plist";
				PRODUCT_NAME = "$(TARGET_NAME)";
				PROVISIONING_PROFILE = "";
				VALID_ARCHS = armv7;
				WRAPPER_EXTENSION = app;
			};
			name = Debug;
		};
		CB6BCB821928B07C00850014 /* Release */ = {
			isa = XCBuildConfiguration;
			baseConfigurationReference = 00B8019E2EFD4398ADB10432 /* Pods.xcconfig */;
			buildSettings = {
				ARCHS = armv7;
				ASSETCATALOG_COMPILER_APPICON_NAME = AppIcon;
				ASSETCATALOG_COMPILER_LAUNCHIMAGE_NAME = LaunchImage;
				CLANG_CXX_LANGUAGE_STANDARD = "gnu++0x";
				CLANG_CXX_LIBRARY = "libstdc++";
				CODE_SIGN_IDENTITY = "iPhone Developer";
				"CODE_SIGN_IDENTITY[sdk=iphoneos*]" = "iPhone Developer";
				GCC_C_LANGUAGE_STANDARD = "compiler-default";
				GCC_PRECOMPILE_PREFIX_HEADER = YES;
				GCC_PREFIX_HEADER = "libchromium-demo/libchromium-demo-Prefix.pch";
				INFOPLIST_FILE = "libchromium-demo/libchromium-demo-Info.plist";
				PRODUCT_NAME = "$(TARGET_NAME)";
				PROVISIONING_PROFILE = "";
				VALID_ARCHS = armv7;
				WRAPPER_EXTENSION = app;
			};
			name = Release;
		};
		CB6BCB841928B07C00850014 /* Debug */ = {
			isa = XCBuildConfiguration;
			buildSettings = {
				BUNDLE_LOADER = "$(BUILT_PRODUCTS_DIR)/libchromium-demo.app/libchromium-demo";
				FRAMEWORK_SEARCH_PATHS = (
					"$(SDKROOT)/Developer/Library/Frameworks",
					"$(inherited)",
					"$(DEVELOPER_FRAMEWORKS_DIR)",
				);
				GCC_PRECOMPILE_PREFIX_HEADER = YES;
				GCC_PREFIX_HEADER = "libchromium-demo/libchromium-demo-Prefix.pch";
				GCC_PREPROCESSOR_DEFINITIONS = (
					"DEBUG=1",
					"$(inherited)",
				);
				INFOPLIST_FILE = "libchromium-demoTests/libchromium-demoTests-Info.plist";
				PRODUCT_NAME = "$(TARGET_NAME)";
				TEST_HOST = "$(BUNDLE_LOADER)";
				WRAPPER_EXTENSION = xctest;
			};
			name = Debug;
		};
		CB6BCB851928B07C00850014 /* Release */ = {
			isa = XCBuildConfiguration;
			buildSettings = {
				BUNDLE_LOADER = "$(BUILT_PRODUCTS_DIR)/libchromium-demo.app/libchromium-demo";
				FRAMEWORK_SEARCH_PATHS = (
					"$(SDKROOT)/Developer/Library/Frameworks",
					"$(inherited)",
					"$(DEVELOPER_FRAMEWORKS_DIR)",
				);
				GCC_PRECOMPILE_PREFIX_HEADER = YES;
				GCC_PREFIX_HEADER = "libchromium-demo/libchromium-demo-Prefix.pch";
				INFOPLIST_FILE = "libchromium-demoTests/libchromium-demoTests-Info.plist";
				PRODUCT_NAME = "$(TARGET_NAME)";
				TEST_HOST = "$(BUNDLE_LOADER)";
				WRAPPER_EXTENSION = xctest;
			};
			name = Release;
		};
/* End XCBuildConfiguration section */

/* Begin XCConfigurationList section */
		CB6BCB431928B07C00850014 /* Build configuration list for PBXProject "libchromium-demo" */ = {
			isa = XCConfigurationList;
			buildConfigurations = (
				CB6BCB7E1928B07C00850014 /* Debug */,
				CB6BCB7F1928B07C00850014 /* Release */,
			);
			defaultConfigurationIsVisible = 0;
			defaultConfigurationName = Release;
		};
		CB6BCB801928B07C00850014 /* Build configuration list for PBXNativeTarget "libchromium-demo" */ = {
			isa = XCConfigurationList;
			buildConfigurations = (
				CB6BCB811928B07C00850014 /* Debug */,
				CB6BCB821928B07C00850014 /* Release */,
			);
			defaultConfigurationIsVisible = 0;
			defaultConfigurationName = Release;
		};
		CB6BCB831928B07C00850014 /* Build configuration list for PBXNativeTarget "libchromium-demoTests" */ = {
			isa = XCConfigurationList;
			buildConfigurations = (
				CB6BCB841928B07C00850014 /* Debug */,
				CB6BCB851928B07C00850014 /* Release */,
			);
			defaultConfigurationIsVisible = 0;
			defaultConfigurationName = Release;
		};
/* End XCConfigurationList section */
	};
	rootObject = CB6BCB401928B07C00850014 /* Project object */;
}
